
Microsoft Visual Studio Solution File, Format Version 12.00
# Visual Studio Version 17
VisualStudioVersion = 17.4.33122.133
MinimumVisualStudioVersion = 10.0.40219.1
Project("{FAE04EC0-301F-11D3-BF4B-00C04F79EFBC}") = "QLthueBao", "QLthueBao\QLthueBao.csproj", "{AB2C4E0A-1435-4DF3-81F1-876C8CC1555A}"
EndProject
Global
	GlobalSection(SolutionConfigurationPlatforms) = preSolution
		Debug|Any CPU = Debug|Any CPU
		Release|Any CPU = Release|Any CPU
	EndGlobalSection
	GlobalSection(ProjectConfigurationPlatforms) = postSolution
		{AB2C4E0A-1435-4DF3-81F1-876C8CC1555A}.Debug|Any CPU.ActiveCfg = Debug|Any CPU
		{AB2C4E0A-1435-4DF3-81F1-876C8CC1555A}.Debug|Any CPU.Build.0 = Debug|Any CPU
		{AB2C4E0A-1435-4DF3-81F1-876C8CC1555A}.Release|Any CPU.ActiveCfg = Release|Any CPU
		{AB2C4E0A-1435-4DF3-81F1-876C8CC1555A}.Release|Any CPU.Build.0 = Release|Any CPU
	EndGlobalSection
	GlobalSection(SolutionProperties) = preSolution
		HideSolutionNode = FALSE
	EndGlobalSection
	GlobalSection(ExtensibilityGlobals) = postSolution
		SolutionGuid = {1BD5C2EB-DF6A-4310-82CB-EB97078FB0F4}
	EndGlobalSection
EndGlobal
